// !$*UTF8*$!
{
	archiveVersion = 1;
	classes = {
	};
	objectVersion = 52;
	objects = {

/* Begin PBXBuildFile section */
		654B414D2623590000E0C44E /* Coordinator.swift in Sources */ = {isa = PBXBuildFile; fileRef = 654B414C2623590000E0C44E /* Coordinator.swift */; };
		6587E6C526091D6B008CD221 /* MainView.swift in Sources */ = {isa = PBXBuildFile; fileRef = 6587E6C426091D6B008CD221 /* MainView.swift */; };
		6587E6C826096553008CD221 /* README.md in Resources */ = {isa = PBXBuildFile; fileRef = 6587E6C726096553008CD221 /* README.md */; };
		65A32D43262371CB001E75E1 /* UIColor+App.swift in Sources */ = {isa = PBXBuildFile; fileRef = 65A32D42262371CB001E75E1 /* UIColor+App.swift */; };
		65A6F0E226407B6700332F31 /* Realm in Frameworks */ = {isa = PBXBuildFile; productRef = 65A6F0E126407B6700332F31 /* Realm */; };
		65A6F0E426407B6700332F31 /* RealmSwift in Frameworks */ = {isa = PBXBuildFile; productRef = 65A6F0E326407B6700332F31 /* RealmSwift */; };
		65A6F0E626407B8C00332F31 /* DbManager.swift in Sources */ = {isa = PBXBuildFile; fileRef = 65A6F0E526407B8C00332F31 /* DbManager.swift */; };
		65A6F0EB26407E8900332F31 /* Additive.swift in Sources */ = {isa = PBXBuildFile; fileRef = 65A6F0EA26407E8900332F31 /* Additive.swift */; };
		65D05394262380A70020F8D6 /* TabBarController.swift in Sources */ = {isa = PBXBuildFile; fileRef = 65D05393262380A70020F8D6 /* TabBarController.swift */; };
		65D053A22623B7050020F8D6 /* ENumbersListView.swift in Sources */ = {isa = PBXBuildFile; fileRef = 65D053A12623B7050020F8D6 /* ENumbersListView.swift */; };
		65D053A62623B71F0020F8D6 /* ENumbersListVC.swift in Sources */ = {isa = PBXBuildFile; fileRef = 65D053A52623B71F0020F8D6 /* ENumbersListVC.swift */; };
		65E1797A262498F300598B51 /* HomeCoordinator.swift in Sources */ = {isa = PBXBuildFile; fileRef = 65E17979262498F300598B51 /* HomeCoordinator.swift */; };
		65E179812624994D00598B51 /* ENumbersListCoordinator.swift in Sources */ = {isa = PBXBuildFile; fileRef = 65E179802624994D00598B51 /* ENumbersListCoordinator.swift */; };
		65E905B126037F410063FF41 /* AppDelegate.swift in Sources */ = {isa = PBXBuildFile; fileRef = 65E905B026037F410063FF41 /* AppDelegate.swift */; };
		65E905B326037F410063FF41 /* SceneDelegate.swift in Sources */ = {isa = PBXBuildFile; fileRef = 65E905B226037F410063FF41 /* SceneDelegate.swift */; };
		65E905B526037F410063FF41 /* MainVC.swift in Sources */ = {isa = PBXBuildFile; fileRef = 65E905B426037F410063FF41 /* MainVC.swift */; };
		65E905BA26037F430063FF41 /* Assets.xcassets in Resources */ = {isa = PBXBuildFile; fileRef = 65E905B926037F430063FF41 /* Assets.xcassets */; };
		65E905BD26037F430063FF41 /* LaunchScreen.storyboard in Resources */ = {isa = PBXBuildFile; fileRef = 65E905BB26037F430063FF41 /* LaunchScreen.storyboard */; };
		65FA2FB4261FDA91009F6C88 /* ImageAnalyzer.swift in Sources */ = {isa = PBXBuildFile; fileRef = 65FA2FB3261FDA91009F6C88 /* ImageAnalyzer.swift */; };
/* End PBXBuildFile section */

/* Begin PBXFileReference section */
		654B414C2623590000E0C44E /* Coordinator.swift */ = {isa = PBXFileReference; lastKnownFileType = sourcecode.swift; path = Coordinator.swift; sourceTree = "<group>"; };
		6587E6C426091D6B008CD221 /* MainView.swift */ = {isa = PBXFileReference; lastKnownFileType = sourcecode.swift; path = MainView.swift; sourceTree = "<group>"; };
		6587E6C726096553008CD221 /* README.md */ = {isa = PBXFileReference; fileEncoding = 4; lastKnownFileType = net.daringfireball.markdown; name = README.md; path = ../README.md; sourceTree = "<group>"; };
		65A32D42262371CB001E75E1 /* UIColor+App.swift */ = {isa = PBXFileReference; lastKnownFileType = sourcecode.swift; path = "UIColor+App.swift"; sourceTree = "<group>"; };
		65A6F0E526407B8C00332F31 /* DbManager.swift */ = {isa = PBXFileReference; lastKnownFileType = sourcecode.swift; path = DbManager.swift; sourceTree = "<group>"; };
		65A6F0EA26407E8900332F31 /* Additive.swift */ = {isa = PBXFileReference; lastKnownFileType = sourcecode.swift; path = Additive.swift; sourceTree = "<group>"; };
		65D05393262380A70020F8D6 /* TabBarController.swift */ = {isa = PBXFileReference; lastKnownFileType = sourcecode.swift; path = TabBarController.swift; sourceTree = "<group>"; };
		65D053A12623B7050020F8D6 /* ENumbersListView.swift */ = {isa = PBXFileReference; lastKnownFileType = sourcecode.swift; path = ENumbersListView.swift; sourceTree = "<group>"; };
		65D053A52623B71F0020F8D6 /* ENumbersListVC.swift */ = {isa = PBXFileReference; lastKnownFileType = sourcecode.swift; path = ENumbersListVC.swift; sourceTree = "<group>"; };
		65E17979262498F300598B51 /* HomeCoordinator.swift */ = {isa = PBXFileReference; lastKnownFileType = sourcecode.swift; path = HomeCoordinator.swift; sourceTree = "<group>"; };
		65E179802624994D00598B51 /* ENumbersListCoordinator.swift */ = {isa = PBXFileReference; lastKnownFileType = sourcecode.swift; path = ENumbersListCoordinator.swift; sourceTree = "<group>"; };
		65E905AD26037F410063FF41 /* WhatAmIEating.app */ = {isa = PBXFileReference; explicitFileType = wrapper.application; includeInIndex = 0; path = WhatAmIEating.app; sourceTree = BUILT_PRODUCTS_DIR; };
		65E905B026037F410063FF41 /* AppDelegate.swift */ = {isa = PBXFileReference; lastKnownFileType = sourcecode.swift; path = AppDelegate.swift; sourceTree = "<group>"; };
		65E905B226037F410063FF41 /* SceneDelegate.swift */ = {isa = PBXFileReference; lastKnownFileType = sourcecode.swift; path = SceneDelegate.swift; sourceTree = "<group>"; };
		65E905B426037F410063FF41 /* MainVC.swift */ = {isa = PBXFileReference; lastKnownFileType = sourcecode.swift; path = MainVC.swift; sourceTree = "<group>"; };
		65E905B926037F430063FF41 /* Assets.xcassets */ = {isa = PBXFileReference; lastKnownFileType = folder.assetcatalog; path = Assets.xcassets; sourceTree = "<group>"; };
		65E905BC26037F430063FF41 /* Base */ = {isa = PBXFileReference; lastKnownFileType = file.storyboard; name = Base; path = Base.lproj/LaunchScreen.storyboard; sourceTree = "<group>"; };
		65E905BE26037F430063FF41 /* Info.plist */ = {isa = PBXFileReference; lastKnownFileType = text.plist.xml; path = Info.plist; sourceTree = "<group>"; };
		65FA2FB3261FDA91009F6C88 /* ImageAnalyzer.swift */ = {isa = PBXFileReference; lastKnownFileType = sourcecode.swift; path = ImageAnalyzer.swift; sourceTree = "<group>"; };
/* End PBXFileReference section */

/* Begin PBXFrameworksBuildPhase section */
		65E905AA26037F410063FF41 /* Frameworks */ = {
			isa = PBXFrameworksBuildPhase;
			buildActionMask = 2147483647;
			files = (
				65A6F0E426407B6700332F31 /* RealmSwift in Frameworks */,
				65A6F0E226407B6700332F31 /* Realm in Frameworks */,
			);
			runOnlyForDeploymentPostprocessing = 0;
		};
/* End PBXFrameworksBuildPhase section */

/* Begin PBXGroup section */
		654B414F262359CA00E0C44E /* Flow */ = {
			isa = PBXGroup;
			children = (
				654B414C2623590000E0C44E /* Coordinator.swift */,
				65E17979262498F300598B51 /* HomeCoordinator.swift */,
				65E179802624994D00598B51 /* ENumbersListCoordinator.swift */,
			);
			path = Flow;
			sourceTree = "<group>";
		};
		65A32D4526237BE4001E75E1 /* Extensions */ = {
			isa = PBXGroup;
			children = (
				65A32D42262371CB001E75E1 /* UIColor+App.swift */,
			);
			path = Extensions;
			sourceTree = "<group>";
		};
		65A6F0E926407E7900332F31 /* DataModel */ = {
			isa = PBXGroup;
			children = (
				65A6F0EA26407E8900332F31 /* Additive.swift */,
			);
			path = DataModel;
			sourceTree = "<group>";
		};
		65D053972623B2E90020F8D6 /* ApplicationControllers */ = {
			isa = PBXGroup;
			children = (
				65D05393262380A70020F8D6 /* TabBarController.swift */,
				65D0539F2623B6AE0020F8D6 /* ENumbersList */,
				65D053982623B2F70020F8D6 /* Main */,
			);
			path = ApplicationControllers;
			sourceTree = "<group>";
		};
		65D053982623B2F70020F8D6 /* Main */ = {
			isa = PBXGroup;
			children = (
				65D053992623B31B0020F8D6 /* Views */,
				65E905B426037F410063FF41 /* MainVC.swift */,
				65FA2FB3261FDA91009F6C88 /* ImageAnalyzer.swift */,
			);
			path = Main;
			sourceTree = "<group>";
		};
		65D053992623B31B0020F8D6 /* Views */ = {
			isa = PBXGroup;
			children = (
				6587E6C426091D6B008CD221 /* MainView.swift */,
			);
			path = Views;
			sourceTree = "<group>";
		};
		65D0539C2623B3EE0020F8D6 /* SupportingFiles */ = {
			isa = PBXGroup;
			children = (
				65E905B026037F410063FF41 /* AppDelegate.swift */,
				65E905B226037F410063FF41 /* SceneDelegate.swift */,
				65E905BB26037F430063FF41 /* LaunchScreen.storyboard */,
				65E905B926037F430063FF41 /* Assets.xcassets */,
			);
			path = SupportingFiles;
			sourceTree = "<group>";
		};
		65D0539F2623B6AE0020F8D6 /* ENumbersList */ = {
			isa = PBXGroup;
			children = (
				65D053A02623B6D70020F8D6 /* Views */,
				65D053A52623B71F0020F8D6 /* ENumbersListVC.swift */,
			);
			path = ENumbersList;
			sourceTree = "<group>";
		};
		65D053A02623B6D70020F8D6 /* Views */ = {
			isa = PBXGroup;
			children = (
				65D053A12623B7050020F8D6 /* ENumbersListView.swift */,
			);
			path = Views;
			sourceTree = "<group>";
		};
		65E905A426037F410063FF41 = {
			isa = PBXGroup;
			children = (
				6587E6C726096553008CD221 /* README.md */,
				65E905AF26037F410063FF41 /* WhatAmIEating */,
				65E905AE26037F410063FF41 /* Products */,
			);
			sourceTree = "<group>";
		};
		65E905AE26037F410063FF41 /* Products */ = {
			isa = PBXGroup;
			children = (
				65E905AD26037F410063FF41 /* WhatAmIEating.app */,
			);
			name = Products;
			sourceTree = "<group>";
		};
		65E905AF26037F410063FF41 /* WhatAmIEating */ = {
			isa = PBXGroup;
			children = (
				65A6F0E926407E7900332F31 /* DataModel */,
				65D0539C2623B3EE0020F8D6 /* SupportingFiles */,
				65D053972623B2E90020F8D6 /* ApplicationControllers */,
				65A32D4526237BE4001E75E1 /* Extensions */,
				654B414F262359CA00E0C44E /* Flow */,
				65E905BE26037F430063FF41 /* Info.plist */,
				65A6F0E526407B8C00332F31 /* DbManager.swift */,
			);
			path = WhatAmIEating;
			sourceTree = "<group>";
		};
/* End PBXGroup section */

/* Begin PBXNativeTarget section */
		65E905AC26037F410063FF41 /* WhatAmIEating */ = {
			isa = PBXNativeTarget;
			buildConfigurationList = 65E905C126037F430063FF41 /* Build configuration list for PBXNativeTarget "WhatAmIEating" */;
			buildPhases = (
				65E905A926037F410063FF41 /* Sources */,
				65E905AA26037F410063FF41 /* Frameworks */,
				65E905AB26037F410063FF41 /* Resources */,
			);
			buildRules = (
			);
			dependencies = (
			);
			name = WhatAmIEating;
			packageProductDependencies = (
				65A6F0E126407B6700332F31 /* Realm */,
				65A6F0E326407B6700332F31 /* RealmSwift */,
			);
			productName = WhatAmIEating;
			productReference = 65E905AD26037F410063FF41 /* WhatAmIEating.app */;
			productType = "com.apple.product-type.application";
		};
/* End PBXNativeTarget section */

/* Begin PBXProject section */
		65E905A526037F410063FF41 /* Project object */ = {
			isa = PBXProject;
			attributes = {
				LastSwiftUpdateCheck = 1240;
				LastUpgradeCheck = 1240;
				TargetAttributes = {
					65E905AC26037F410063FF41 = {
						CreatedOnToolsVersion = 12.4;
					};
				};
			};
			buildConfigurationList = 65E905A826037F410063FF41 /* Build configuration list for PBXProject "WhatAmIEating" */;
			compatibilityVersion = "Xcode 9.3";
			developmentRegion = en;
			hasScannedForEncodings = 0;
			knownRegions = (
				en,
				Base,
			);
			mainGroup = 65E905A426037F410063FF41;
			packageReferences = (
				65A6F0E026407B6700332F31 /* XCRemoteSwiftPackageReference "realm-cocoa" */,
			);
			productRefGroup = 65E905AE26037F410063FF41 /* Products */;
			projectDirPath = "";
			projectRoot = "";
			targets = (
				65E905AC26037F410063FF41 /* WhatAmIEating */,
			);
		};
/* End PBXProject section */

/* Begin PBXResourcesBuildPhase section */
		65E905AB26037F410063FF41 /* Resources */ = {
			isa = PBXResourcesBuildPhase;
			buildActionMask = 2147483647;
			files = (
				6587E6C826096553008CD221 /* README.md in Resources */,
				65E905BD26037F430063FF41 /* LaunchScreen.storyboard in Resources */,
				65E905BA26037F430063FF41 /* Assets.xcassets in Resources */,
			);
			runOnlyForDeploymentPostprocessing = 0;
		};
/* End PBXResourcesBuildPhase section */

/* Begin PBXSourcesBuildPhase section */
		65E905A926037F410063FF41 /* Sources */ = {
			isa = PBXSourcesBuildPhase;
			buildActionMask = 2147483647;
			files = (
				65A6F0E626407B8C00332F31 /* DbManager.swift in Sources */,
				65E905B526037F410063FF41 /* MainVC.swift in Sources */,
				6587E6C526091D6B008CD221 /* MainView.swift in Sources */,
				65D053A22623B7050020F8D6 /* ENumbersListView.swift in Sources */,
				65D05394262380A70020F8D6 /* TabBarController.swift in Sources */,
				65E1797A262498F300598B51 /* HomeCoordinator.swift in Sources */,
				65D053A62623B71F0020F8D6 /* ENumbersListVC.swift in Sources */,
				65E905B126037F410063FF41 /* AppDelegate.swift in Sources */,
				65E179812624994D00598B51 /* ENumbersListCoordinator.swift in Sources */,
				65FA2FB4261FDA91009F6C88 /* ImageAnalyzer.swift in Sources */,
				65A32D43262371CB001E75E1 /* UIColor+App.swift in Sources */,
				65E905B326037F410063FF41 /* SceneDelegate.swift in Sources */,
				654B414D2623590000E0C44E /* Coordinator.swift in Sources */,
				65A6F0EB26407E8900332F31 /* Additive.swift in Sources */,
			);
			runOnlyForDeploymentPostprocessing = 0;
		};
/* End PBXSourcesBuildPhase section */

/* Begin PBXVariantGroup section */
		65E905BB26037F430063FF41 /* LaunchScreen.storyboard */ = {
			isa = PBXVariantGroup;
			children = (
				65E905BC26037F430063FF41 /* Base */,
			);
			name = LaunchScreen.storyboard;
			sourceTree = "<group>";
		};
/* End PBXVariantGroup section */

/* Begin XCBuildConfiguration section */
		65E905BF26037F430063FF41 /* Debug */ = {
			isa = XCBuildConfiguration;
			buildSettings = {
				ALWAYS_SEARCH_USER_PATHS = NO;
				CLANG_ANALYZER_NONNULL = YES;
				CLANG_ANALYZER_NUMBER_OBJECT_CONVERSION = YES_AGGRESSIVE;
				CLANG_CXX_LANGUAGE_STANDARD = "gnu++14";
				CLANG_CXX_LIBRARY = "libc++";
				CLANG_ENABLE_MODULES = YES;
				CLANG_ENABLE_OBJC_ARC = YES;
				CLANG_ENABLE_OBJC_WEAK = YES;
				CLANG_WARN_BLOCK_CAPTURE_AUTORELEASING = YES;
				CLANG_WARN_BOOL_CONVERSION = YES;
				CLANG_WARN_COMMA = YES;
				CLANG_WARN_CONSTANT_CONVERSION = YES;
				CLANG_WARN_DEPRECATED_OBJC_IMPLEMENTATIONS = YES;
				CLANG_WARN_DIRECT_OBJC_ISA_USAGE = YES_ERROR;
				CLANG_WARN_DOCUMENTATION_COMMENTS = YES;
				CLANG_WARN_EMPTY_BODY = YES;
				CLANG_WARN_ENUM_CONVERSION = YES;
				CLANG_WARN_INFINITE_RECURSION = YES;
				CLANG_WARN_INT_CONVERSION = YES;
				CLANG_WARN_NON_LITERAL_NULL_CONVERSION = YES;
				CLANG_WARN_OBJC_IMPLICIT_RETAIN_SELF = YES;
				CLANG_WARN_OBJC_LITERAL_CONVERSION = YES;
				CLANG_WARN_OBJC_ROOT_CLASS = YES_ERROR;
				CLANG_WARN_QUOTED_INCLUDE_IN_FRAMEWORK_HEADER = YES;
				CLANG_WARN_RANGE_LOOP_ANALYSIS = YES;
				CLANG_WARN_STRICT_PROTOTYPES = YES;
				CLANG_WARN_SUSPICIOUS_MOVE = YES;
				CLANG_WARN_UNGUARDED_AVAILABILITY = YES_AGGRESSIVE;
				CLANG_WARN_UNREACHABLE_CODE = YES;
				CLANG_WARN__DUPLICATE_METHOD_MATCH = YES;
				COPY_PHASE_STRIP = NO;
				DEBUG_INFORMATION_FORMAT = dwarf;
				ENABLE_STRICT_OBJC_MSGSEND = YES;
				ENABLE_TESTABILITY = YES;
				GCC_C_LANGUAGE_STANDARD = gnu11;
				GCC_DYNAMIC_NO_PIC = NO;
				GCC_NO_COMMON_BLOCKS = YES;
				GCC_OPTIMIZATION_LEVEL = 0;
				GCC_PREPROCESSOR_DEFINITIONS = (
					"DEBUG=1",
					"$(inherited)",
				);
				GCC_WARN_64_TO_32_BIT_CONVERSION = YES;
				GCC_WARN_ABOUT_RETURN_TYPE = YES_ERROR;
				GCC_WARN_UNDECLARED_SELECTOR = YES;
				GCC_WARN_UNINITIALIZED_AUTOS = YES_AGGRESSIVE;
				GCC_WARN_UNUSED_FUNCTION = YES;
				GCC_WARN_UNUSED_VARIABLE = YES;
				IPHONEOS_DEPLOYMENT_TARGET = 14.4;
				MTL_ENABLE_DEBUG_INFO = INCLUDE_SOURCE;
				MTL_FAST_MATH = YES;
				ONLY_ACTIVE_ARCH = YES;
				SDKROOT = iphoneos;
				SWIFT_ACTIVE_COMPILATION_CONDITIONS = DEBUG;
				SWIFT_OPTIMIZATION_LEVEL = "-Onone";
			};
			name = Debug;
		};
		65E905C026037F430063FF41 /* Release */ = {
			isa = XCBuildConfiguration;
			buildSettings = {
				ALWAYS_SEARCH_USER_PATHS = NO;
				CLANG_ANALYZER_NONNULL = YES;
				CLANG_ANALYZER_NUMBER_OBJECT_CONVERSION = YES_AGGRESSIVE;
				CLANG_CXX_LANGUAGE_STANDARD = "gnu++14";
				CLANG_CXX_LIBRARY = "libc++";
				CLANG_ENABLE_MODULES = YES;
				CLANG_ENABLE_OBJC_ARC = YES;
				CLANG_ENABLE_OBJC_WEAK = YES;
				CLANG_WARN_BLOCK_CAPTURE_AUTORELEASING = YES;
				CLANG_WARN_BOOL_CONVERSION = YES;
				CLANG_WARN_COMMA = YES;
				CLANG_WARN_CONSTANT_CONVERSION = YES;
				CLANG_WARN_DEPRECATED_OBJC_IMPLEMENTATIONS = YES;
				CLANG_WARN_DIRECT_OBJC_ISA_USAGE = YES_ERROR;
				CLANG_WARN_DOCUMENTATION_COMMENTS = YES;
				CLANG_WARN_EMPTY_BODY = YES;
				CLANG_WARN_ENUM_CONVERSION = YES;
				CLANG_WARN_INFINITE_RECURSION = YES;
				CLANG_WARN_INT_CONVERSION = YES;
				CLANG_WARN_NON_LITERAL_NULL_CONVERSION = YES;
				CLANG_WARN_OBJC_IMPLICIT_RETAIN_SELF = YES;
				CLANG_WARN_OBJC_LITERAL_CONVERSION = YES;
				CLANG_WARN_OBJC_ROOT_CLASS = YES_ERROR;
				CLANG_WARN_QUOTED_INCLUDE_IN_FRAMEWORK_HEADER = YES;
				CLANG_WARN_RANGE_LOOP_ANALYSIS = YES;
				CLANG_WARN_STRICT_PROTOTYPES = YES;
				CLANG_WARN_SUSPICIOUS_MOVE = YES;
				CLANG_WARN_UNGUARDED_AVAILABILITY = YES_AGGRESSIVE;
				CLANG_WARN_UNREACHABLE_CODE = YES;
				CLANG_WARN__DUPLICATE_METHOD_MATCH = YES;
				COPY_PHASE_STRIP = NO;
				DEBUG_INFORMATION_FORMAT = "dwarf-with-dsym";
				ENABLE_NS_ASSERTIONS = NO;
				ENABLE_STRICT_OBJC_MSGSEND = YES;
				GCC_C_LANGUAGE_STANDARD = gnu11;
				GCC_NO_COMMON_BLOCKS = YES;
				GCC_WARN_64_TO_32_BIT_CONVERSION = YES;
				GCC_WARN_ABOUT_RETURN_TYPE = YES_ERROR;
				GCC_WARN_UNDECLARED_SELECTOR = YES;
				GCC_WARN_UNINITIALIZED_AUTOS = YES_AGGRESSIVE;
				GCC_WARN_UNUSED_FUNCTION = YES;
				GCC_WARN_UNUSED_VARIABLE = YES;
				IPHONEOS_DEPLOYMENT_TARGET = 14.4;
				MTL_ENABLE_DEBUG_INFO = NO;
				MTL_FAST_MATH = YES;
				SDKROOT = iphoneos;
				SWIFT_COMPILATION_MODE = wholemodule;
				SWIFT_OPTIMIZATION_LEVEL = "-O";
				VALIDATE_PRODUCT = YES;
			};
			name = Release;
		};
		65E905C226037F430063FF41 /* Debug */ = {
			isa = XCBuildConfiguration;
			buildSettings = {
				ASSETCATALOG_COMPILER_APPICON_NAME = AppIcon;
				ASSETCATALOG_COMPILER_GLOBAL_ACCENT_COLOR_NAME = AccentColor;
				CODE_SIGN_STYLE = Automatic;
				DEVELOPMENT_TEAM = 7G8SBAW9K3;
				INFOPLIST_FILE = WhatAmIEating/Info.plist;
				LD_RUNPATH_SEARCH_PATHS = (
					"$(inherited)",
					"@executable_path/Frameworks",
				);
				PRODUCT_BUNDLE_IDENTIFIER = peterses.WhatAmIEating;
				PRODUCT_NAME = "$(TARGET_NAME)";
				SWIFT_VERSION = 5.0;
				TARGETED_DEVICE_FAMILY = "1,2";
			};
			name = Debug;
		};
		65E905C326037F430063FF41 /* Release */ = {
			isa = XCBuildConfiguration;
			buildSettings = {
				ASSETCATALOG_COMPILER_APPICON_NAME = AppIcon;
				ASSETCATALOG_COMPILER_GLOBAL_ACCENT_COLOR_NAME = AccentColor;
				CODE_SIGN_STYLE = Automatic;
				DEVELOPMENT_TEAM = 7G8SBAW9K3;
				INFOPLIST_FILE = WhatAmIEating/Info.plist;
				LD_RUNPATH_SEARCH_PATHS = (
					"$(inherited)",
					"@executable_path/Frameworks",
				);
				PRODUCT_BUNDLE_IDENTIFIER = peterses.WhatAmIEating;
				PRODUCT_NAME = "$(TARGET_NAME)";
				SWIFT_VERSION = 5.0;
				TARGETED_DEVICE_FAMILY = "1,2";
			};
			name = Release;
		};
/* End XCBuildConfiguration section */

/* Begin XCConfigurationList section */
		65E905A826037F410063FF41 /* Build configuration list for PBXProject "WhatAmIEating" */ = {
			isa = XCConfigurationList;
			buildConfigurations = (
				65E905BF26037F430063FF41 /* Debug */,
				65E905C026037F430063FF41 /* Release */,
			);
			defaultConfigurationIsVisible = 0;
			defaultConfigurationName = Release;
		};
		65E905C126037F430063FF41 /* Build configuration list for PBXNativeTarget "WhatAmIEating" */ = {
			isa = XCConfigurationList;
			buildConfigurations = (
				65E905C226037F430063FF41 /* Debug */,
				65E905C326037F430063FF41 /* Release */,
			);
			defaultConfigurationIsVisible = 0;
			defaultConfigurationName = Release;
		};
/* End XCConfigurationList section */

/* Begin XCRemoteSwiftPackageReference section */
		65A6F0E026407B6700332F31 /* XCRemoteSwiftPackageReference "realm-cocoa" */ = {
			isa = XCRemoteSwiftPackageReference;
			repositoryURL = "https://github.com/realm/realm-cocoa";
			requirement = {
				kind = upToNextMajorVersion;
				minimumVersion = 10.7.4;
			};
		};
/* End XCRemoteSwiftPackageReference section */

/* Begin XCSwiftPackageProductDependency section */
		65A6F0E126407B6700332F31 /* Realm */ = {
			isa = XCSwiftPackageProductDependency;
			package = 65A6F0E026407B6700332F31 /* XCRemoteSwiftPackageReference "realm-cocoa" */;
			productName = Realm;
		};
		65A6F0E326407B6700332F31 /* RealmSwift */ = {
			isa = XCSwiftPackageProductDependency;
			package = 65A6F0E026407B6700332F31 /* XCRemoteSwiftPackageReference "realm-cocoa" */;
			productName = RealmSwift;
		};
/* End XCSwiftPackageProductDependency section */
	};
	rootObject = 65E905A526037F410063FF41 /* Project object */;
}
